PODS:
  - GRDB.swift (3.6.2)
  - MuslimData (1.0.0-beta.6):
    - GRDB.swift

DEPENDENCIES:
  - MuslimData (from `../`)

SPEC REPOS:
  https://github.com/cocoapods/specs.git:
    - GRDB.swift

EXTERNAL SOURCES:
  MuslimData:
    :path: "../"

SPEC CHECKSUMS:
  GRDB.swift: e10787d857b6b8135354b9e08fb23b4bb8e2fab7
  MuslimData: debe6225717ba9b0ae67effb191b5c9d286df4dc

PODFILE CHECKSUM: f1a8413ff73c18d27d5283425e84b7905893b20c

COCOAPODS: 1.5.3
