{
  "originHash" : "b9c15e13dc57cd16478f58c4debc92b0eccffe6f260a647f9d31342f83fb0d57",
  "pins" : [
    {
      "identity" : "grdb.swift",
      "kind" : "remoteSourceControl",
      "location" : "https://github.com/groue/GRDB.swift.git",
      "state" : {
        "revision" : "2cf6c756e1e5ef6901ebae16576a7e4e4b834622",
        "version" : "6.29.3"
      }
    }
  ],
  "version" : 3
}
