{
  "originHash" : "d74d0ac244973253b6ab6ca55279e1495dd27d9c84571fa4571b37d82a389f45",
  "pins" : [
    {
      "identity" : "csqlite",
      "kind" : "remoteSourceControl",
      "location" : "https://github.com/groue/CSQLite.git",
      "state" : {
        "revision" : "3a405d0ebd8bf07d4c41a8b05a203e4d03415b5b",
        "version" : "0.3.0"
      }
    },
    {
      "identity" : "grdb.swift",
      "kind" : "remoteSourceControl",
      "location" : "https://github.com/groue/GRDB.swift.git",
      "state" : {
        "revision" : "49a7b2091c84e8e695e78ada1840eda022e5dc11",
        "version" : "4.0.1"
      }
    }
  ],
  "version" : 3
}
