// !$*UTF8*$!
{
	archiveVersion = 1;
	classes = {
	};
	objectVersion = 56;
	objects = {

/* Begin PBXBuildFile section */
		6A22480D2BAED7840094967B /* NamesScreen.swift in Sources */ = {isa = PBXBuildFile; fileRef = 6A22480C2BAED7840094967B /* NamesScreen.swift */; };
		6A22480F2BAED7960094967B /* NamesRowView.swift in Sources */ = {isa = PBXBuildFile; fileRef = 6A22480E2BAED7960094967B /* NamesRowView.swift */; };
		6A2248112BAEDAEE0094967B /* NamesViewModel.swift in Sources */ = {isa = PBXBuildFile; fileRef = 6A2248102BAEDAED0094967B /* NamesViewModel.swift */; };
		6A2248152BAEDB4E0094967B /* MuslimData in Frameworks */ = {isa = PBXBuildFile; productRef = 6A2248142BAEDB4E0094967B /* MuslimData */; };
		6A787B1C2BAECF6F00DA0107 /* MuslimDataExampleApp.swift in Sources */ = {isa = PBXBuildFile; fileRef = 6A787B1B2BAECF6F00DA0107 /* MuslimDataExampleApp.swift */; };
		6A787B1E2BAECF6F00DA0107 /* ContentView.swift in Sources */ = {isa = PBXBuildFile; fileRef = 6A787B1D2BAECF6F00DA0107 /* ContentView.swift */; };
		6A787B202BAECF7200DA0107 /* Assets.xcassets in Resources */ = {isa = PBXBuildFile; fileRef = 6A787B1F2BAECF7200DA0107 /* Assets.xcassets */; };
		6A787B232BAECF7200DA0107 /* Preview Assets.xcassets in Resources */ = {isa = PBXBuildFile; fileRef = 6A787B222BAECF7200DA0107 /* Preview Assets.xcassets */; };
/* End PBXBuildFile section */

/* Begin PBXFileReference section */
		6A22480C2BAED7840094967B /* NamesScreen.swift */ = {isa = PBXFileReference; lastKnownFileType = sourcecode.swift; path = NamesScreen.swift; sourceTree = "<group>"; };
		6A22480E2BAED7960094967B /* NamesRowView.swift */ = {isa = PBXFileReference; lastKnownFileType = sourcecode.swift; path = NamesRowView.swift; sourceTree = "<group>"; };
		6A2248102BAEDAED0094967B /* NamesViewModel.swift */ = {isa = PBXFileReference; lastKnownFileType = sourcecode.swift; path = NamesViewModel.swift; sourceTree = "<group>"; };
		6A2248132BAEDB050094967B /* muslim-data-ios */ = {isa = PBXFileReference; lastKnownFileType = wrapper; name = "muslim-data-ios"; path = ..; sourceTree = "<group>"; };
		6A787B182BAECF6F00DA0107 /* Example.app */ = {isa = PBXFileReference; explicitFileType = wrapper.application; includeInIndex = 0; path = Example.app; sourceTree = BUILT_PRODUCTS_DIR; };
		6A787B1B2BAECF6F00DA0107 /* MuslimDataExampleApp.swift */ = {isa = PBXFileReference; lastKnownFileType = sourcecode.swift; path = MuslimDataExampleApp.swift; sourceTree = "<group>"; };
		6A787B1D2BAECF6F00DA0107 /* ContentView.swift */ = {isa = PBXFileReference; lastKnownFileType = sourcecode.swift; path = ContentView.swift; sourceTree = "<group>"; };
		6A787B1F2BAECF7200DA0107 /* Assets.xcassets */ = {isa = PBXFileReference; lastKnownFileType = folder.assetcatalog; path = Assets.xcassets; sourceTree = "<group>"; };
		6A787B222BAECF7200DA0107 /* Preview Assets.xcassets */ = {isa = PBXFileReference; lastKnownFileType = folder.assetcatalog; path = "Preview Assets.xcassets"; sourceTree = "<group>"; };
/* End PBXFileReference section */

/* Begin PBXFrameworksBuildPhase section */
		6A787B152BAECF6F00DA0107 /* Frameworks */ = {
			isa = PBXFrameworksBuildPhase;
			buildActionMask = 2147483647;
			files = (
				6A2248152BAEDB4E0094967B /* MuslimData in Frameworks */,
			);
			runOnlyForDeploymentPostprocessing = 0;
		};
/* End PBXFrameworksBuildPhase section */

/* Begin PBXGroup section */
		6A22480B2BAED7730094967B /* Names */ = {
			isa = PBXGroup;
			children = (
				6A22480C2BAED7840094967B /* NamesScreen.swift */,
				6A22480E2BAED7960094967B /* NamesRowView.swift */,
				6A2248102BAEDAED0094967B /* NamesViewModel.swift */,
			);
			path = Names;
			sourceTree = "<group>";
		};
		6A2248122BAEDB050094967B /* Frameworks */ = {
			isa = PBXGroup;
			children = (
				6A2248132BAEDB050094967B /* muslim-data-ios */,
			);
			name = Frameworks;
			sourceTree = "<group>";
		};
		6A787B0F2BAECF6F00DA0107 = {
			isa = PBXGroup;
			children = (
				6A787B1A2BAECF6F00DA0107 /* MuslimDataExample */,
				6A787B192BAECF6F00DA0107 /* Products */,
				6A2248122BAEDB050094967B /* Frameworks */,
			);
			sourceTree = "<group>";
		};
		6A787B192BAECF6F00DA0107 /* Products */ = {
			isa = PBXGroup;
			children = (
				6A787B182BAECF6F00DA0107 /* Example.app */,
			);
			name = Products;
			sourceTree = "<group>";
		};
		6A787B1A2BAECF6F00DA0107 /* MuslimDataExample */ = {
			isa = PBXGroup;
			children = (
				6A22480B2BAED7730094967B /* Names */,
				6A787B1B2BAECF6F00DA0107 /* MuslimDataExampleApp.swift */,
				6A787B1D2BAECF6F00DA0107 /* ContentView.swift */,
				6A787B1F2BAECF7200DA0107 /* Assets.xcassets */,
				6A787B212BAECF7200DA0107 /* Preview Content */,
			);
			path = MuslimDataExample;
			sourceTree = "<group>";
		};
		6A787B212BAECF7200DA0107 /* Preview Content */ = {
			isa = PBXGroup;
			children = (
				6A787B222BAECF7200DA0107 /* Preview Assets.xcassets */,
			);
			path = "Preview Content";
			sourceTree = "<group>";
		};
/* End PBXGroup section */

/* Begin PBXNativeTarget section */
		6A787B172BAECF6F00DA0107 /* Example */ = {
			isa = PBXNativeTarget;
			buildConfigurationList = 6A787B262BAECF7200DA0107 /* Build configuration list for PBXNativeTarget "Example" */;
			buildPhases = (
				6A787B142BAECF6F00DA0107 /* Sources */,
				6A787B152BAECF6F00DA0107 /* Frameworks */,
				6A787B162BAECF6F00DA0107 /* Resources */,
			);
			buildRules = (
			);
			dependencies = (
			);
			name = Example;
			packageProductDependencies = (
				6A2248142BAEDB4E0094967B /* MuslimData */,
			);
			productName = Example;
			productReference = 6A787B182BAECF6F00DA0107 /* Example.app */;
			productType = "com.apple.product-type.application";
		};
/* End PBXNativeTarget section */

/* Begin PBXProject section */
		6A787B102BAECF6F00DA0107 /* Project object */ = {
			isa = PBXProject;
			attributes = {
				BuildIndependentTargetsInParallel = 1;
				LastSwiftUpdateCheck = 1530;
				LastUpgradeCheck = 1530;
				TargetAttributes = {
					6A787B172BAECF6F00DA0107 = {
						CreatedOnToolsVersion = 15.3;
					};
				};
			};
			buildConfigurationList = 6A787B132BAECF6F00DA0107 /* Build configuration list for PBXProject "MuslimDataExample" */;
			compatibilityVersion = "Xcode 14.0";
			developmentRegion = en;
			hasScannedForEncodings = 0;
			knownRegions = (
				en,
				Base,
			);
			mainGroup = 6A787B0F2BAECF6F00DA0107;
			productRefGroup = 6A787B192BAECF6F00DA0107 /* Products */;
			projectDirPath = "";
			projectRoot = "";
			targets = (
				6A787B172BAECF6F00DA0107 /* Example */,
			);
		};
/* End PBXProject section */

/* Begin PBXResourcesBuildPhase section */
		6A787B162BAECF6F00DA0107 /* Resources */ = {
			isa = PBXResourcesBuildPhase;
			buildActionMask = 2147483647;
			files = (
				6A787B232BAECF7200DA0107 /* Preview Assets.xcassets in Resources */,
				6A787B202BAECF7200DA0107 /* Assets.xcassets in Resources */,
			);
			runOnlyForDeploymentPostprocessing = 0;
		};
/* End PBXResourcesBuildPhase section */

/* Begin PBXSourcesBuildPhase section */
		6A787B142BAECF6F00DA0107 /* Sources */ = {
			isa = PBXSourcesBuildPhase;
			buildActionMask = 2147483647;
			files = (
				6A22480F2BAED7960094967B /* NamesRowView.swift in Sources */,
				6A22480D2BAED7840094967B /* NamesScreen.swift in Sources */,
				6A787B1E2BAECF6F00DA0107 /* ContentView.swift in Sources */,
				6A787B1C2BAECF6F00DA0107 /* MuslimDataExampleApp.swift in Sources */,
				6A2248112BAEDAEE0094967B /* NamesViewModel.swift in Sources */,
			);
			runOnlyForDeploymentPostprocessing = 0;
		};
/* End PBXSourcesBuildPhase section */

/* Begin XCBuildConfiguration section */
		6A787B242BAECF7200DA0107 /* Debug */ = {
			isa = XCBuildConfiguration;
			buildSettings = {
				ALWAYS_SEARCH_USER_PATHS = NO;
				ASSETCATALOG_COMPILER_GENERATE_SWIFT_ASSET_SYMBOL_EXTENSIONS = YES;
				CLANG_ANALYZER_NONNULL = YES;
				CLANG_ANALYZER_NUMBER_OBJECT_CONVERSION = YES_AGGRESSIVE;
				CLANG_CXX_LANGUAGE_STANDARD = "gnu++20";
				CLANG_ENABLE_MODULES = YES;
				CLANG_ENABLE_OBJC_ARC = YES;
				CLANG_ENABLE_OBJC_WEAK = YES;
				CLANG_WARN_BLOCK_CAPTURE_AUTORELEASING = YES;
				CLANG_WARN_BOOL_CONVERSION = YES;
				CLANG_WARN_COMMA = YES;
				CLANG_WARN_CONSTANT_CONVERSION = YES;
				CLANG_WARN_DEPRECATED_OBJC_IMPLEMENTATIONS = YES;
				CLANG_WARN_DIRECT_OBJC_ISA_USAGE = YES_ERROR;
				CLANG_WARN_DOCUMENTATION_COMMENTS = YES;
				CLANG_WARN_EMPTY_BODY = YES;
				CLANG_WARN_ENUM_CONVERSION = YES;
				CLANG_WARN_INFINITE_RECURSION = YES;
				CLANG_WARN_INT_CONVERSION = YES;
				CLANG_WARN_NON_LITERAL_NULL_CONVERSION = YES;
				CLANG_WARN_OBJC_IMPLICIT_RETAIN_SELF = YES;
				CLANG_WARN_OBJC_LITERAL_CONVERSION = YES;
				CLANG_WARN_OBJC_ROOT_CLASS = YES_ERROR;
				CLANG_WARN_QUOTED_INCLUDE_IN_FRAMEWORK_HEADER = YES;
				CLANG_WARN_RANGE_LOOP_ANALYSIS = YES;
				CLANG_WARN_STRICT_PROTOTYPES = YES;
				CLANG_WARN_SUSPICIOUS_MOVE = YES;
				CLANG_WARN_UNGUARDED_AVAILABILITY = YES_AGGRESSIVE;
				CLANG_WARN_UNREACHABLE_CODE = YES;
				CLANG_WARN__DUPLICATE_METHOD_MATCH = YES;
				COPY_PHASE_STRIP = NO;
				DEBUG_INFORMATION_FORMAT = dwarf;
				ENABLE_STRICT_OBJC_MSGSEND = YES;
				ENABLE_TESTABILITY = YES;
				ENABLE_USER_SCRIPT_SANDBOXING = YES;
				GCC_C_LANGUAGE_STANDARD = gnu17;
				GCC_DYNAMIC_NO_PIC = NO;
				GCC_NO_COMMON_BLOCKS = YES;
				GCC_OPTIMIZATION_LEVEL = 0;
				GCC_PREPROCESSOR_DEFINITIONS = (
					"DEBUG=1",
					"$(inherited)",
				);
				GCC_WARN_64_TO_32_BIT_CONVERSION = YES;
				GCC_WARN_ABOUT_RETURN_TYPE = YES_ERROR;
				GCC_WARN_UNDECLARED_SELECTOR = YES;
				GCC_WARN_UNINITIALIZED_AUTOS = YES_AGGRESSIVE;
				GCC_WARN_UNUSED_FUNCTION = YES;
				GCC_WARN_UNUSED_VARIABLE = YES;
				IPHONEOS_DEPLOYMENT_TARGET = 17.4;
				LOCALIZATION_PREFERS_STRING_CATALOGS = YES;
				MTL_ENABLE_DEBUG_INFO = INCLUDE_SOURCE;
				MTL_FAST_MATH = YES;
				ONLY_ACTIVE_ARCH = YES;
				SDKROOT = iphoneos;
				SWIFT_ACTIVE_COMPILATION_CONDITIONS = "DEBUG $(inherited)";
				SWIFT_OPTIMIZATION_LEVEL = "-Onone";
			};
			name = Debug;
		};
		6A787B252BAECF7200DA0107 /* Release */ = {
			isa = XCBuildConfiguration;
			buildSettings = {
				ALWAYS_SEARCH_USER_PATHS = NO;
				ASSETCATALOG_COMPILER_GENERATE_SWIFT_ASSET_SYMBOL_EXTENSIONS = YES;
				CLANG_ANALYZER_NONNULL = YES;
				CLANG_ANALYZER_NUMBER_OBJECT_CONVERSION = YES_AGGRESSIVE;
				CLANG_CXX_LANGUAGE_STANDARD = "gnu++20";
				CLANG_ENABLE_MODULES = YES;
				CLANG_ENABLE_OBJC_ARC = YES;
				CLANG_ENABLE_OBJC_WEAK = YES;
				CLANG_WARN_BLOCK_CAPTURE_AUTORELEASING = YES;
				CLANG_WARN_BOOL_CONVERSION = YES;
				CLANG_WARN_COMMA = YES;
				CLANG_WARN_CONSTANT_CONVERSION = YES;
				CLANG_WARN_DEPRECATED_OBJC_IMPLEMENTATIONS = YES;
				CLANG_WARN_DIRECT_OBJC_ISA_USAGE = YES_ERROR;
				CLANG_WARN_DOCUMENTATION_COMMENTS = YES;
				CLANG_WARN_EMPTY_BODY = YES;
				CLANG_WARN_ENUM_CONVERSION = YES;
				CLANG_WARN_INFINITE_RECURSION = YES;
				CLANG_WARN_INT_CONVERSION = YES;
				CLANG_WARN_NON_LITERAL_NULL_CONVERSION = YES;
				CLANG_WARN_OBJC_IMPLICIT_RETAIN_SELF = YES;
				CLANG_WARN_OBJC_LITERAL_CONVERSION = YES;
				CLANG_WARN_OBJC_ROOT_CLASS = YES_ERROR;
				CLANG_WARN_QUOTED_INCLUDE_IN_FRAMEWORK_HEADER = YES;
				CLANG_WARN_RANGE_LOOP_ANALYSIS = YES;
				CLANG_WARN_STRICT_PROTOTYPES = YES;
				CLANG_WARN_SUSPICIOUS_MOVE = YES;
				CLANG_WARN_UNGUARDED_AVAILABILITY = YES_AGGRESSIVE;
				CLANG_WARN_UNREACHABLE_CODE = YES;
				CLANG_WARN__DUPLICATE_METHOD_MATCH = YES;
				COPY_PHASE_STRIP = NO;
				DEBUG_INFORMATION_FORMAT = "dwarf-with-dsym";
				ENABLE_NS_ASSERTIONS = NO;
				ENABLE_STRICT_OBJC_MSGSEND = YES;
				ENABLE_USER_SCRIPT_SANDBOXING = YES;
				GCC_C_LANGUAGE_STANDARD = gnu17;
				GCC_NO_COMMON_BLOCKS = YES;
				GCC_WARN_64_TO_32_BIT_CONVERSION = YES;
				GCC_WARN_ABOUT_RETURN_TYPE = YES_ERROR;
				GCC_WARN_UNDECLARED_SELECTOR = YES;
				GCC_WARN_UNINITIALIZED_AUTOS = YES_AGGRESSIVE;
				GCC_WARN_UNUSED_FUNCTION = YES;
				GCC_WARN_UNUSED_VARIABLE = YES;
				IPHONEOS_DEPLOYMENT_TARGET = 17.4;
				LOCALIZATION_PREFERS_STRING_CATALOGS = YES;
				MTL_ENABLE_DEBUG_INFO = NO;
				MTL_FAST_MATH = YES;
				SDKROOT = iphoneos;
				SWIFT_COMPILATION_MODE = wholemodule;
				VALIDATE_PRODUCT = YES;
			};
			name = Release;
		};
		6A787B272BAECF7200DA0107 /* Debug */ = {
			isa = XCBuildConfiguration;
			buildSettings = {
				ASSETCATALOG_COMPILER_APPICON_NAME = AppIcon;
				ASSETCATALOG_COMPILER_GLOBAL_ACCENT_COLOR_NAME = AccentColor;
				CODE_SIGN_STYLE = Automatic;
				CURRENT_PROJECT_VERSION = 1;
				DEVELOPMENT_ASSET_PATHS = "\"MuslimDataExample/Preview Content\"";
				ENABLE_PREVIEWS = YES;
				GENERATE_INFOPLIST_FILE = YES;
				INFOPLIST_KEY_UIApplicationSceneManifest_Generation = YES;
				INFOPLIST_KEY_UIApplicationSupportsIndirectInputEvents = YES;
				INFOPLIST_KEY_UILaunchScreen_Generation = YES;
				INFOPLIST_KEY_UISupportedInterfaceOrientations_iPad = "UIInterfaceOrientationPortrait UIInterfaceOrientationPortraitUpsideDown UIInterfaceOrientationLandscapeLeft UIInterfaceOrientationLandscapeRight";
				INFOPLIST_KEY_UISupportedInterfaceOrientations_iPhone = "UIInterfaceOrientationPortrait UIInterfaceOrientationLandscapeLeft UIInterfaceOrientationLandscapeRight";
				IPHONEOS_DEPLOYMENT_TARGET = 17.4;
				LD_RUNPATH_SEARCH_PATHS = (
					"$(inherited)",
					"@executable_path/Frameworks",
				);
				MARKETING_VERSION = 1.0;
				PRODUCT_BUNDLE_IDENTIFIER = com.muslim.data.example.Example;
				PRODUCT_NAME = "$(TARGET_NAME)";
				SWIFT_EMIT_LOC_STRINGS = YES;
				SWIFT_VERSION = 5.0;
				TARGETED_DEVICE_FAMILY = "1,2";
			};
			name = Debug;
		};
		6A787B282BAECF7200DA0107 /* Release */ = {
			isa = XCBuildConfiguration;
			buildSettings = {
				ASSETCATALOG_COMPILER_APPICON_NAME = AppIcon;
				ASSETCATALOG_COMPILER_GLOBAL_ACCENT_COLOR_NAME = AccentColor;
				CODE_SIGN_STYLE = Automatic;
				CURRENT_PROJECT_VERSION = 1;
				DEVELOPMENT_ASSET_PATHS = "\"MuslimDataExample/Preview Content\"";
				ENABLE_PREVIEWS = YES;
				GENERATE_INFOPLIST_FILE = YES;
				INFOPLIST_KEY_UIApplicationSceneManifest_Generation = YES;
				INFOPLIST_KEY_UIApplicationSupportsIndirectInputEvents = YES;
				INFOPLIST_KEY_UILaunchScreen_Generation = YES;
				INFOPLIST_KEY_UISupportedInterfaceOrientations_iPad = "UIInterfaceOrientationPortrait UIInterfaceOrientationPortraitUpsideDown UIInterfaceOrientationLandscapeLeft UIInterfaceOrientationLandscapeRight";
				INFOPLIST_KEY_UISupportedInterfaceOrientations_iPhone = "UIInterfaceOrientationPortrait UIInterfaceOrientationLandscapeLeft UIInterfaceOrientationLandscapeRight";
				IPHONEOS_DEPLOYMENT_TARGET = 17.4;
				LD_RUNPATH_SEARCH_PATHS = (
					"$(inherited)",
					"@executable_path/Frameworks",
				);
				MARKETING_VERSION = 1.0;
				PRODUCT_BUNDLE_IDENTIFIER = com.muslim.data.example.Example;
				PRODUCT_NAME = "$(TARGET_NAME)";
				SWIFT_EMIT_LOC_STRINGS = YES;
				SWIFT_VERSION = 5.0;
				TARGETED_DEVICE_FAMILY = "1,2";
			};
			name = Release;
		};
/* End XCBuildConfiguration section */

/* Begin XCConfigurationList section */
		6A787B132BAECF6F00DA0107 /* Build configuration list for PBXProject "MuslimDataExample" */ = {
			isa = XCConfigurationList;
			buildConfigurations = (
				6A787B242BAECF7200DA0107 /* Debug */,
				6A787B252BAECF7200DA0107 /* Release */,
			);
			defaultConfigurationIsVisible = 0;
			defaultConfigurationName = Release;
		};
		6A787B262BAECF7200DA0107 /* Build configuration list for PBXNativeTarget "Example" */ = {
			isa = XCConfigurationList;
			buildConfigurations = (
				6A787B272BAECF7200DA0107 /* Debug */,
				6A787B282BAECF7200DA0107 /* Release */,
			);
			defaultConfigurationIsVisible = 0;
			defaultConfigurationName = Release;
		};
/* End XCConfigurationList section */

/* Begin XCSwiftPackageProductDependency section */
		6A2248142BAEDB4E0094967B /* MuslimData */ = {
			isa = XCSwiftPackageProductDependency;
			productName = MuslimData;
		};
/* End XCSwiftPackageProductDependency section */
	};
	rootObject = 6A787B102BAECF6F00DA0107 /* Project object */;
}
